# THIS IS AN AUTOGENERATED FILE. DO NOT EDIT THIS FILE DIRECTLY.
# yarn lockfile v1


"@thelamer/nanocurrency@^2.5.1":
  version "2.5.1"
  resolved "https://registry.yarnpkg.com/@thelamer/nanocurrency/-/nanocurrency-2.5.1.tgz#99898e7857ef7c08906240590eba4f1f25095727"
  integrity sha512-C/WTCf3zXOjk85YWAh0sKolXrGPmwXL2hZ8r1UTT4yg+clZdK+ycz/O6jRKJ29jBWXNrNgQT7KYv6DDto4/BUw==
  dependencies:
    bignumber.js "^9.0.0"
    blakejs "^1.1.0"

"@types/node@^15.12.1":
  version "15.12.1"
  resolved "https://registry.yarnpkg.com/@types/node/-/node-15.12.1.tgz#9b60797dee1895383a725f828a869c86c6caa5c2"
  integrity sha512-zyxJM8I1c9q5sRMtVF+zdd13Jt6RU4r4qfhTd7lQubyThvLfx6yYekWSQjGCGV2Tkecgxnlpl/DNlb6Hg+dmEw==

bignumber.js@^9.0.0:
  version "9.0.1"
  resolved "https://registry.yarnpkg.com/bignumber.js/-/bignumber.js-9.0.1.tgz#8d7ba124c882bfd8e43260c67475518d0689e4e5"
  integrity sha512-IdZR9mh6ahOBv/hYGiXyVuyCetmGJhtYkqLBpTStdhEGjegpPlUawydyaF3pbIOFynJTpllEs+NP+CS9jKFLjA==

blakejs@^1.1.0:
  version "1.1.0"
  resolved "https://registry.yarnpkg.com/blakejs/-/blakejs-1.1.0.tgz#69df92ef953aa88ca51a32df6ab1c54a155fc7a5"
  integrity sha1-ad+S75U6qIylGjLfarHFShVfx6U=

nano-address-validator@^3.0.0:
  version "3.0.0"
  resolved "https://registry.yarnpkg.com/nano-address-validator/-/nano-address-validator-3.0.0.tgz#0f03bab03521478cc49e699376488f699c139616"
  integrity sha512-tt5YvBcbBQ7Wp4viHTNzo4mKFbtFuUAI56VcBLoqp48UmfWhcxYORZQjpCJ0b7DbLA3Omj2k1zWAWJ5sEXoItA==
  dependencies:
    blakejs "^1.1.0"
    nano-base32 "^1.0.1"

nano-base32@^1.0.1:
  version "1.0.1"
  resolved "https://registry.yarnpkg.com/nano-base32/-/nano-base32-1.0.1.tgz#ba548c879efcfb90da1c4d9e097db4a46c9255ef"
  integrity sha1-ulSMh578+5DaHE2eCX20pGySVe8=

typescript@^4.3.2:
  version "4.3.2"
  resolved "https://registry.yarnpkg.com/typescript/-/typescript-4.3.2.tgz#399ab18aac45802d6f2498de5054fcbbe716a805"
  integrity sha512-zZ4hShnmnoVnAHpVHWpTcxdv7dWP60S2FsydQLV8V5PbS3FifjWFFRiHSWpDJahly88PRyV5teTSLoq4eG7mKw==

ws@^7.4.6:
  version "7.4.6"
  resolved "https://registry.yarnpkg.com/ws/-/ws-7.4.6.tgz#5654ca8ecdeee47c33a9a4bf6d28e2be2980377c"
  integrity sha512-YmhHDO4MzaDLB+M9ym/mDA5z0naX8j7SIlT8f8z+I0VtzsRbekxEutHSme7NPS2qE8StCYQNUnfWdXta/Yu85A==
